PODS:
  - Flutter (1.0.0)
  - flutter_ios_store_rate (0.0.1):
    - Flutter

DEPENDENCIES:
  - Flutter (from `.symlinks/flutter/ios`)
  - flutter_ios_store_rate (from `.symlinks/plugins/flutter_ios_store_rate/ios`)

EXTERNAL SOURCES:
  Flutter:
    :path: ".symlinks/flutter/ios"
  flutter_ios_store_rate:
    :path: ".symlinks/plugins/flutter_ios_store_rate/ios"

SPEC CHECKSUMS:
  Flutter: 9d0fac939486c9aba2809b7982dfdbb47a7b0296
  flutter_ios_store_rate: 7a0eb6d8c9478a811bcd3d1156876c04f35ee1c4

PODFILE CHECKSUM: aff02bfeed411c636180d6812254b2daeea14d09

COCOAPODS: 1.5.3
